
Microsoft Visual Studio Solution File, Format Version 12.00
# Visual Studio Version 17
VisualStudioVersion = 17.5.002.0
MinimumVisualStudioVersion = 10.0.40219.1
Project("{9A19103F-16F7-4668-BE54-9A1E7A4F7556}") = "Task1", "Task1\Task1.csproj", "{76B2C0F4-79E4-44B4-A1F8-23E904B01FD0}"
EndProject
Project("{9A19103F-16F7-4668-BE54-9A1E7A4F7556}") = "Task2", "Task2\Task2.csproj", "{07A3EFD9-D9F3-4AFA-A66D-4558351FFC2F}"
EndProject
Project("{9A19103F-16F7-4668-BE54-9A1E7A4F7556}") = "Task3", "Task3\Task3.csproj", "{8870248B-8A74-430F-B4E9-29FC5B83FA6B}"
EndProject
Global
	GlobalSection(SolutionConfigurationPlatforms) = preSolution
		Debug|Any CPU = Debug|Any CPU
		Release|Any CPU = Release|Any CPU
	EndGlobalSection
	GlobalSection(ProjectConfigurationPlatforms) = postSolution
		{76B2C0F4-79E4-44B4-A1F8-23E904B01FD0}.Debug|Any CPU.ActiveCfg = Debug|Any CPU
		{76B2C0F4-79E4-44B4-A1F8-23E904B01FD0}.Debug|Any CPU.Build.0 = Debug|Any CPU
		{76B2C0F4-79E4-44B4-A1F8-23E904B01FD0}.Release|Any CPU.ActiveCfg = Release|Any CPU
		{76B2C0F4-79E4-44B4-A1F8-23E904B01FD0}.Release|Any CPU.Build.0 = Release|Any CPU
		{07A3EFD9-D9F3-4AFA-A66D-4558351FFC2F}.Debug|Any CPU.ActiveCfg = Debug|Any CPU
		{07A3EFD9-D9F3-4AFA-A66D-4558351FFC2F}.Debug|Any CPU.Build.0 = Debug|Any CPU
		{07A3EFD9-D9F3-4AFA-A66D-4558351FFC2F}.Release|Any CPU.ActiveCfg = Release|Any CPU
		{07A3EFD9-D9F3-4AFA-A66D-4558351FFC2F}.Release|Any CPU.Build.0 = Release|Any CPU
		{8870248B-8A74-430F-B4E9-29FC5B83FA6B}.Debug|Any CPU.ActiveCfg = Debug|Any CPU
		{8870248B-8A74-430F-B4E9-29FC5B83FA6B}.Debug|Any CPU.Build.0 = Debug|Any CPU
		{8870248B-8A74-430F-B4E9-29FC5B83FA6B}.Release|Any CPU.ActiveCfg = Release|Any CPU
		{8870248B-8A74-430F-B4E9-29FC5B83FA6B}.Release|Any CPU.Build.0 = Release|Any CPU
	EndGlobalSection
	GlobalSection(SolutionProperties) = preSolution
		HideSolutionNode = FALSE
	EndGlobalSection
	GlobalSection(ExtensibilityGlobals) = postSolution
		SolutionGuid = {12FFD867-FDC4-4CA2-80C6-CF99A2A6AA8D}
	EndGlobalSection
EndGlobal
